
Microsoft Visual Studio Solution File, Format Version 12.00
# Visual Studio Version 17
VisualStudioVersion = 17.5.33516.290
MinimumVisualStudioVersion = 10.0.40219.1
Project("{FAE04EC0-301F-11D3-BF4B-00C04F79EFBC}") = "JacobiWFA", "JacobiWFA\JacobiWFA.csproj", "{57BDF624-6ED0-4157-B0D8-6096FC49792A}"
EndProject
Global
	GlobalSection(SolutionConfigurationPlatforms) = preSolution
		Debug|Any CPU = Debug|Any CPU
		Release|Any CPU = Release|Any CPU
	EndGlobalSection
	GlobalSection(ProjectConfigurationPlatforms) = postSolution
		{57BDF624-6ED0-4157-B0D8-6096FC49792A}.Debug|Any CPU.ActiveCfg = Debug|Any CPU
		{57BDF624-6ED0-4157-B0D8-6096FC49792A}.Debug|Any CPU.Build.0 = Debug|Any CPU
		{57BDF624-6ED0-4157-B0D8-6096FC49792A}.Release|Any CPU.ActiveCfg = Release|Any CPU
		{57BDF624-6ED0-4157-B0D8-6096FC49792A}.Release|Any CPU.Build.0 = Release|Any CPU
	EndGlobalSection
	GlobalSection(SolutionProperties) = preSolution
		HideSolutionNode = FALSE
	EndGlobalSection
	GlobalSection(ExtensibilityGlobals) = postSolution
		SolutionGuid = {E9C8F91D-10E5-44EA-A67D-ABA16746C218}
	EndGlobalSection
EndGlobal
